
Microsoft Visual Studio Solution File, Format Version 12.00
# Visual Studio Version 17
VisualStudioVersion = 17.4.33213.308
MinimumVisualStudioVersion = 10.0.40219.1
Project("{2150E333-8FDC-42A3-9474-1A3956D46DE8}") = "01.Core", "01.Core", "{068A15F7-8E72-4D9B-8369-64092F03D869}"
EndProject
Project("{2150E333-8FDC-42A3-9474-1A3956D46DE8}") = "02.Infra", "02.Infra", "{205F4DCC-DACC-4203-9551-428BD2904902}"
EndProject
Project("{2150E333-8FDC-42A3-9474-1A3956D46DE8}") = "03.EndPoints", "03.EndPoints", "{E7CB5FFA-54D7-45B3-A2E7-58A8BFD492D7}"
EndProject
Project("{9A19103F-16F7-4668-BE54-9A1E7A4F7556}") = "Mc2.CrudTest.Core.Domain", "Mc2.CrudTest.Core.Domain\Mc2.CrudTest.Core.Domain.csproj", "{DAC5E464-84E4-4B19-B43F-723F4AB023A0}"
EndProject
Project("{2150E333-8FDC-42A3-9474-1A3956D46DE8}") = "04.Framework", "04.Framework", "{2EF84952-B72D-4599-9269-5CF99C39273A}"
EndProject
Project("{2150E333-8FDC-42A3-9474-1A3956D46DE8}") = "02.Core", "02.Core", "{DC8EB3E3-C764-4C89-A2B3-D91CE15C01E8}"
EndProject
Project("{2150E333-8FDC-42A3-9474-1A3956D46DE8}") = "03.Infra", "03.Infra", "{ACF793D1-5ACC-421F-B720-6D2308776B67}"
EndProject
Project("{9A19103F-16F7-4668-BE54-9A1E7A4F7556}") = "Mc2.CrudTest.Framework.Core.Domain", "Mc2.CrudTest.Framework.Core.Domain\Mc2.CrudTest.Framework.Core.Domain.csproj", "{D6BA88E9-6390-493C-B7A1-60F218A18FE6}"
EndProject
Project("{9A19103F-16F7-4668-BE54-9A1E7A4F7556}") = "Mc2.CrudTest.Framework.Core.Domain.Toolkits", "Mc2.CrudTest.Framework.Core.Domain.Toolkits\Mc2.CrudTest.Framework.Core.Domain.Toolkits.csproj", "{B201F0E3-F312-4440-8CC0-322AA9DB7FCC}"
EndProject
Project("{9A19103F-16F7-4668-BE54-9A1E7A4F7556}") = "Mc2.CrudTest.Framework.Core.Contracts", "Mc2.CrudTest.Framework.Core.Contracts\Mc2.CrudTest.Framework.Core.Contracts.csproj", "{575C69BB-B04A-4B9F-923A-8C84BC3BDFAD}"
EndProject
Project("{2150E333-8FDC-42A3-9474-1A3956D46DE8}") = "Data", "Data", "{8EFF97B2-7F98-41F5-AD09-7CB27EA4770A}"
EndProject
Project("{9A19103F-16F7-4668-BE54-9A1E7A4F7556}") = "Mc2.CrudTest.Framework.Infra.Data.Sql.Commands", "Mc2.CrudTest.Framework.Infra.Data.Sql.Commands\Mc2.CrudTest.Framework.Infra.Data.Sql.Commands.csproj", "{58B869EC-8CC8-4951-80AA-56BD9EB1C2D3}"
EndProject
Project("{2150E333-8FDC-42A3-9474-1A3956D46DE8}") = "01.Utilities", "01.Utilities", "{57CC1267-C33F-4D19-8A51-3674676CFCD1}"
EndProject
Project("{9A19103F-16F7-4668-BE54-9A1E7A4F7556}") = "Mc2.CrudTest.Framework.Utilities", "Mc2.CrudTest.Framework.Utilities\Mc2.CrudTest.Framework.Utilities.csproj", "{41A91607-F463-4AA9-B88F-B49F2F3A0DF3}"
EndProject
Project("{9A19103F-16F7-4668-BE54-9A1E7A4F7556}") = "Mc2.CrudTest.Framework.Infra.Data.Sql.Queries", "Mc2.CrudTest.Framework.Infra.Data.Sql.Queries\Mc2.CrudTest.Framework.Infra.Data.Sql.Queries.csproj", "{53752865-2F5A-4C59-B03C-12068F42894C}"
EndProject
Project("{2150E333-8FDC-42A3-9474-1A3956D46DE8}") = "04.EndPoints", "04.EndPoints", "{6D6388A3-B782-40B8-ACE9-B0B5FA8E43D0}"
EndProject
Project("{9A19103F-16F7-4668-BE54-9A1E7A4F7556}") = "Mc2.CrudTest.Framework.EndPoints.WebMVC", "Mc2.CrudTest.Framework.EndPoints.WebMVC\Mc2.CrudTest.Framework.EndPoints.WebMVC.csproj", "{C388F486-25E3-47C5-A433-FE564F2086FB}"
EndProject
Project("{9A19103F-16F7-4668-BE54-9A1E7A4F7556}") = "Mc2.CrudTest.Framework.Core.ApplicationServices", "Mc2.CrudTest.Framework.Core.ApplicationServices\Mc2.CrudTest.Framework.Core.ApplicationServices.csproj", "{A051BFBF-1BCA-4D6C-A7ED-D340EE09909B}"
EndProject
Project("{9A19103F-16F7-4668-BE54-9A1E7A4F7556}") = "Mc2.CrudTest.Core.Contracts", "Mc2.CrudTest.Core.Contracts\Mc2.CrudTest.Core.Contracts.csproj", "{74A876C9-EEF5-450C-A16E-59C8384CD8F8}"
EndProject
Project("{9A19103F-16F7-4668-BE54-9A1E7A4F7556}") = "Mc2.CrudTest.Core.ApplicationService", "Mc2.CrudTest.Core.ApplicationService\Mc2.CrudTest.Core.ApplicationService.csproj", "{4453253F-11F6-4EFC-9E5E-40BD0C80D313}"
EndProject
Project("{9A19103F-16F7-4668-BE54-9A1E7A4F7556}") = "Mc2.CrudTest.Infra.Data.Sql.Coomands", "Mc2.CrudTest.Infra.Data.Sql.Coomands\Mc2.CrudTest.Infra.Data.Sql.Coomands.csproj", "{7354AC1F-7EAB-4D80-8E68-6AE521618B95}"
EndProject
Project("{9A19103F-16F7-4668-BE54-9A1E7A4F7556}") = "Mc2.CrudTest.Infra.Data.Sql.Queries", "Mc2.CrudTest.Infra.Data.Sql.Queries\Mc2.CrudTest.Infra.Data.Sql.Queries.csproj", "{68195454-1CBE-46B2-B31B-65767DD9816A}"
EndProject
Project("{9A19103F-16F7-4668-BE54-9A1E7A4F7556}") = "Mc2.CrudTest.EndPoints.MVC", "Mc2.CrudTest.EndPoints.MVC\Mc2.CrudTest.EndPoints.MVC.csproj", "{4A75E1CC-F930-4E18-92A2-A827730C7E25}"
EndProject
Project("{FAE04EC0-301F-11D3-BF4B-00C04F79EFBC}") = "Mc2.CrudTest.Framework.Infra.Data.Sql", "Mc2.CrudTest.Framework.Infra.Data.Sql\Mc2.CrudTest.Framework.Infra.Data.Sql.csproj", "{7A0FB0CA-2DFD-45BE-B7A0-93E7FE5D2BE4}"
EndProject
Global
	GlobalSection(SolutionConfigurationPlatforms) = preSolution
		Debug|Any CPU = Debug|Any CPU
		Release|Any CPU = Release|Any CPU
	EndGlobalSection
	GlobalSection(ProjectConfigurationPlatforms) = postSolution
		{DAC5E464-84E4-4B19-B43F-723F4AB023A0}.Debug|Any CPU.ActiveCfg = Debug|Any CPU
		{DAC5E464-84E4-4B19-B43F-723F4AB023A0}.Debug|Any CPU.Build.0 = Debug|Any CPU
		{DAC5E464-84E4-4B19-B43F-723F4AB023A0}.Release|Any CPU.ActiveCfg = Release|Any CPU
		{DAC5E464-84E4-4B19-B43F-723F4AB023A0}.Release|Any CPU.Build.0 = Release|Any CPU
		{D6BA88E9-6390-493C-B7A1-60F218A18FE6}.Debug|Any CPU.ActiveCfg = Debug|Any CPU
		{D6BA88E9-6390-493C-B7A1-60F218A18FE6}.Debug|Any CPU.Build.0 = Debug|Any CPU
		{D6BA88E9-6390-493C-B7A1-60F218A18FE6}.Release|Any CPU.ActiveCfg = Release|Any CPU
		{D6BA88E9-6390-493C-B7A1-60F218A18FE6}.Release|Any CPU.Build.0 = Release|Any CPU
		{B201F0E3-F312-4440-8CC0-322AA9DB7FCC}.Debug|Any CPU.ActiveCfg = Debug|Any CPU
		{B201F0E3-F312-4440-8CC0-322AA9DB7FCC}.Debug|Any CPU.Build.0 = Debug|Any CPU
		{B201F0E3-F312-4440-8CC0-322AA9DB7FCC}.Release|Any CPU.ActiveCfg = Release|Any CPU
		{B201F0E3-F312-4440-8CC0-322AA9DB7FCC}.Release|Any CPU.Build.0 = Release|Any CPU
		{575C69BB-B04A-4B9F-923A-8C84BC3BDFAD}.Debug|Any CPU.ActiveCfg = Debug|Any CPU
		{575C69BB-B04A-4B9F-923A-8C84BC3BDFAD}.Debug|Any CPU.Build.0 = Debug|Any CPU
		{575C69BB-B04A-4B9F-923A-8C84BC3BDFAD}.Release|Any CPU.ActiveCfg = Release|Any CPU
		{575C69BB-B04A-4B9F-923A-8C84BC3BDFAD}.Release|Any CPU.Build.0 = Release|Any CPU
		{58B869EC-8CC8-4951-80AA-56BD9EB1C2D3}.Debug|Any CPU.ActiveCfg = Debug|Any CPU
		{58B869EC-8CC8-4951-80AA-56BD9EB1C2D3}.Debug|Any CPU.Build.0 = Debug|Any CPU
		{58B869EC-8CC8-4951-80AA-56BD9EB1C2D3}.Release|Any CPU.ActiveCfg = Release|Any CPU
		{58B869EC-8CC8-4951-80AA-56BD9EB1C2D3}.Release|Any CPU.Build.0 = Release|Any CPU
		{41A91607-F463-4AA9-B88F-B49F2F3A0DF3}.Debug|Any CPU.ActiveCfg = Debug|Any CPU
		{41A91607-F463-4AA9-B88F-B49F2F3A0DF3}.Debug|Any CPU.Build.0 = Debug|Any CPU
		{41A91607-F463-4AA9-B88F-B49F2F3A0DF3}.Release|Any CPU.ActiveCfg = Release|Any CPU
		{41A91607-F463-4AA9-B88F-B49F2F3A0DF3}.Release|Any CPU.Build.0 = Release|Any CPU
		{53752865-2F5A-4C59-B03C-12068F42894C}.Debug|Any CPU.ActiveCfg = Debug|Any CPU
		{53752865-2F5A-4C59-B03C-12068F42894C}.Debug|Any CPU.Build.0 = Debug|Any CPU
		{53752865-2F5A-4C59-B03C-12068F42894C}.Release|Any CPU.ActiveCfg = Release|Any CPU
		{53752865-2F5A-4C59-B03C-12068F42894C}.Release|Any CPU.Build.0 = Release|Any CPU
		{C388F486-25E3-47C5-A433-FE564F2086FB}.Debug|Any CPU.ActiveCfg = Debug|Any CPU
		{C388F486-25E3-47C5-A433-FE564F2086FB}.Debug|Any CPU.Build.0 = Debug|Any CPU
		{C388F486-25E3-47C5-A433-FE564F2086FB}.Release|Any CPU.ActiveCfg = Release|Any CPU
		{C388F486-25E3-47C5-A433-FE564F2086FB}.Release|Any CPU.Build.0 = Release|Any CPU
		{A051BFBF-1BCA-4D6C-A7ED-D340EE09909B}.Debug|Any CPU.ActiveCfg = Debug|Any CPU
		{A051BFBF-1BCA-4D6C-A7ED-D340EE09909B}.Debug|Any CPU.Build.0 = Debug|Any CPU
		{A051BFBF-1BCA-4D6C-A7ED-D340EE09909B}.Release|Any CPU.ActiveCfg = Release|Any CPU
		{A051BFBF-1BCA-4D6C-A7ED-D340EE09909B}.Release|Any CPU.Build.0 = Release|Any CPU
		{74A876C9-EEF5-450C-A16E-59C8384CD8F8}.Debug|Any CPU.ActiveCfg = Debug|Any CPU
		{74A876C9-EEF5-450C-A16E-59C8384CD8F8}.Debug|Any CPU.Build.0 = Debug|Any CPU
		{74A876C9-EEF5-450C-A16E-59C8384CD8F8}.Release|Any CPU.ActiveCfg = Release|Any CPU
		{74A876C9-EEF5-450C-A16E-59C8384CD8F8}.Release|Any CPU.Build.0 = Release|Any CPU
		{4453253F-11F6-4EFC-9E5E-40BD0C80D313}.Debug|Any CPU.ActiveCfg = Debug|Any CPU
		{4453253F-11F6-4EFC-9E5E-40BD0C80D313}.Debug|Any CPU.Build.0 = Debug|Any CPU
		{4453253F-11F6-4EFC-9E5E-40BD0C80D313}.Release|Any CPU.ActiveCfg = Release|Any CPU
		{4453253F-11F6-4EFC-9E5E-40BD0C80D313}.Release|Any CPU.Build.0 = Release|Any CPU
		{7354AC1F-7EAB-4D80-8E68-6AE521618B95}.Debug|Any CPU.ActiveCfg = Debug|Any CPU
		{7354AC1F-7EAB-4D80-8E68-6AE521618B95}.Debug|Any CPU.Build.0 = Debug|Any CPU
		{7354AC1F-7EAB-4D80-8E68-6AE521618B95}.Release|Any CPU.ActiveCfg = Release|Any CPU
		{7354AC1F-7EAB-4D80-8E68-6AE521618B95}.Release|Any CPU.Build.0 = Release|Any CPU
		{68195454-1CBE-46B2-B31B-65767DD9816A}.Debug|Any CPU.ActiveCfg = Debug|Any CPU
		{68195454-1CBE-46B2-B31B-65767DD9816A}.Debug|Any CPU.Build.0 = Debug|Any CPU
		{68195454-1CBE-46B2-B31B-65767DD9816A}.Release|Any CPU.ActiveCfg = Release|Any CPU
		{68195454-1CBE-46B2-B31B-65767DD9816A}.Release|Any CPU.Build.0 = Release|Any CPU
		{4A75E1CC-F930-4E18-92A2-A827730C7E25}.Debug|Any CPU.ActiveCfg = Debug|Any CPU
		{4A75E1CC-F930-4E18-92A2-A827730C7E25}.Debug|Any CPU.Build.0 = Debug|Any CPU
		{4A75E1CC-F930-4E18-92A2-A827730C7E25}.Release|Any CPU.ActiveCfg = Release|Any CPU
		{4A75E1CC-F930-4E18-92A2-A827730C7E25}.Release|Any CPU.Build.0 = Release|Any CPU
		{7A0FB0CA-2DFD-45BE-B7A0-93E7FE5D2BE4}.Debug|Any CPU.ActiveCfg = Debug|Any CPU
		{7A0FB0CA-2DFD-45BE-B7A0-93E7FE5D2BE4}.Debug|Any CPU.Build.0 = Debug|Any CPU
		{7A0FB0CA-2DFD-45BE-B7A0-93E7FE5D2BE4}.Release|Any CPU.ActiveCfg = Release|Any CPU
		{7A0FB0CA-2DFD-45BE-B7A0-93E7FE5D2BE4}.Release|Any CPU.Build.0 = Release|Any CPU
	EndGlobalSection
	GlobalSection(SolutionProperties) = preSolution
		HideSolutionNode = FALSE
	EndGlobalSection
	GlobalSection(NestedProjects) = preSolution
		{DAC5E464-84E4-4B19-B43F-723F4AB023A0} = {068A15F7-8E72-4D9B-8369-64092F03D869}
		{DC8EB3E3-C764-4C89-A2B3-D91CE15C01E8} = {2EF84952-B72D-4599-9269-5CF99C39273A}
		{ACF793D1-5ACC-421F-B720-6D2308776B67} = {2EF84952-B72D-4599-9269-5CF99C39273A}
		{D6BA88E9-6390-493C-B7A1-60F218A18FE6} = {DC8EB3E3-C764-4C89-A2B3-D91CE15C01E8}
		{B201F0E3-F312-4440-8CC0-322AA9DB7FCC} = {DC8EB3E3-C764-4C89-A2B3-D91CE15C01E8}
		{575C69BB-B04A-4B9F-923A-8C84BC3BDFAD} = {DC8EB3E3-C764-4C89-A2B3-D91CE15C01E8}
		{8EFF97B2-7F98-41F5-AD09-7CB27EA4770A} = {ACF793D1-5ACC-421F-B720-6D2308776B67}
		{58B869EC-8CC8-4951-80AA-56BD9EB1C2D3} = {8EFF97B2-7F98-41F5-AD09-7CB27EA4770A}
		{57CC1267-C33F-4D19-8A51-3674676CFCD1} = {2EF84952-B72D-4599-9269-5CF99C39273A}
		{41A91607-F463-4AA9-B88F-B49F2F3A0DF3} = {57CC1267-C33F-4D19-8A51-3674676CFCD1}
		{53752865-2F5A-4C59-B03C-12068F42894C} = {8EFF97B2-7F98-41F5-AD09-7CB27EA4770A}
		{6D6388A3-B782-40B8-ACE9-B0B5FA8E43D0} = {2EF84952-B72D-4599-9269-5CF99C39273A}
		{C388F486-25E3-47C5-A433-FE564F2086FB} = {6D6388A3-B782-40B8-ACE9-B0B5FA8E43D0}
		{A051BFBF-1BCA-4D6C-A7ED-D340EE09909B} = {DC8EB3E3-C764-4C89-A2B3-D91CE15C01E8}
		{74A876C9-EEF5-450C-A16E-59C8384CD8F8} = {068A15F7-8E72-4D9B-8369-64092F03D869}
		{4453253F-11F6-4EFC-9E5E-40BD0C80D313} = {068A15F7-8E72-4D9B-8369-64092F03D869}
		{7354AC1F-7EAB-4D80-8E68-6AE521618B95} = {205F4DCC-DACC-4203-9551-428BD2904902}
		{68195454-1CBE-46B2-B31B-65767DD9816A} = {205F4DCC-DACC-4203-9551-428BD2904902}
		{4A75E1CC-F930-4E18-92A2-A827730C7E25} = {E7CB5FFA-54D7-45B3-A2E7-58A8BFD492D7}
		{7A0FB0CA-2DFD-45BE-B7A0-93E7FE5D2BE4} = {8EFF97B2-7F98-41F5-AD09-7CB27EA4770A}
	EndGlobalSection
	GlobalSection(ExtensibilityGlobals) = postSolution
		SolutionGuid = {4B5A26C9-68C1-49D9-9F32-AF907A1730C2}
	EndGlobalSection
EndGlobal
